
Microsoft Visual Studio Solution File, Format Version 12.00
# Visual Studio Version 17
VisualStudioVersion = 17.14.37111.16 d17.14
MinimumVisualStudioVersion = 10.0.40219.1
Project("{FAE04EC0-301F-11D3-BF4B-00C04F79EFBC}") = "VitalConnect_API", "VitalConnect_API\VitalConnect_API.csproj", "{84870E73-889D-4E94-BC17-CD310D04B7B8}"
EndProject
Global
	GlobalSection(SolutionConfigurationPlatforms) = preSolution
		Debug|Any CPU = Debug|Any CPU
		Release|Any CPU = Release|Any CPU
	EndGlobalSection
	GlobalSection(ProjectConfigurationPlatforms) = postSolution
		{84870E73-889D-4E94-BC17-CD310D04B7B8}.Debug|Any CPU.ActiveCfg = Debug|Any CPU
		{84870E73-889D-4E94-BC17-CD310D04B7B8}.Debug|Any CPU.Build.0 = Debug|Any CPU
		{84870E73-889D-4E94-BC17-CD310D04B7B8}.Release|Any CPU.ActiveCfg = Release|Any CPU
		{84870E73-889D-4E94-BC17-CD310D04B7B8}.Release|Any CPU.Build.0 = Release|Any CPU
	EndGlobalSection
	GlobalSection(SolutionProperties) = preSolution
		HideSolutionNode = FALSE
	EndGlobalSection
	GlobalSection(ExtensibilityGlobals) = postSolution
		SolutionGuid = {1784EC0A-BE97-483C-9694-22CFC2E8C2CC}
	EndGlobalSection
EndGlobal
